
Microsoft Visual Studio Solution File, Format Version 12.00
# Visual Studio Version 16
VisualStudioVersion = 16.0.30804.86
MinimumVisualStudioVersion = 10.0.40219.1
Project("{FAE04EC0-301F-11D3-BF4B-00C04F79EFBC}") = "DataAccess", "DataAccess\DataAccess.csproj", "{FAB5BD11-DD8B-4EBC-8B67-8E8F716EEE01}"
EndProject
Project("{FAE04EC0-301F-11D3-BF4B-00C04F79EFBC}") = "ApConsolaDF", "ApConsolaDF\ApConsolaDF.csproj", "{78797007-666A-4613-8551-6EED30D950A8}"
EndProject
Global
	GlobalSection(SolutionConfigurationPlatforms) = preSolution
		Debug|Any CPU = Debug|Any CPU
		Release|Any CPU = Release|Any CPU
	EndGlobalSection
	GlobalSection(ProjectConfigurationPlatforms) = postSolution
		{FAB5BD11-DD8B-4EBC-8B67-8E8F716EEE01}.Debug|Any CPU.ActiveCfg = Debug|Any CPU
		{FAB5BD11-DD8B-4EBC-8B67-8E8F716EEE01}.Debug|Any CPU.Build.0 = Debug|Any CPU
		{FAB5BD11-DD8B-4EBC-8B67-8E8F716EEE01}.Release|Any CPU.ActiveCfg = Release|Any CPU
		{FAB5BD11-DD8B-4EBC-8B67-8E8F716EEE01}.Release|Any CPU.Build.0 = Release|Any CPU
		{78797007-666A-4613-8551-6EED30D950A8}.Debug|Any CPU.ActiveCfg = Debug|Any CPU
		{78797007-666A-4613-8551-6EED30D950A8}.Debug|Any CPU.Build.0 = Debug|Any CPU
		{78797007-666A-4613-8551-6EED30D950A8}.Release|Any CPU.ActiveCfg = Release|Any CPU
		{78797007-666A-4613-8551-6EED30D950A8}.Release|Any CPU.Build.0 = Release|Any CPU
	EndGlobalSection
	GlobalSection(SolutionProperties) = preSolution
		HideSolutionNode = FALSE
	EndGlobalSection
	GlobalSection(ExtensibilityGlobals) = postSolution
		SolutionGuid = {932D73D9-5A5E-4CDA-A960-61C81D0475CE}
	EndGlobalSection
EndGlobal
